
Microsoft Visual Studio Solution File, Format Version 12.00
# Visual Studio 14
VisualStudioVersion = 14.0.23107.0
MinimumVisualStudioVersion = 10.0.40219.1
Project("{FAE04EC0-301F-11D3-BF4B-00C04F79EFBC}") = "TidshanteringDyskalkyli", "TidshanteringDyskalkyli\TidshanteringDyskalkyli\TidshanteringDyskalkyli.csproj", "{E3D9570C-3F81-47B1-9D13-86DCB60814BE}"
EndProject
Project("{FAE04EC0-301F-11D3-BF4B-00C04F79EFBC}") = "TidshanteringDyskalkyli.iOS", "TidshanteringDyskalkyli\TidshanteringDyskalkyli.iOS\TidshanteringDyskalkyli.iOS.csproj", "{6BB9916A-1D6B-40B0-8DC9-B3A6DF128E8C}"
EndProject
Project("{FAE04EC0-301F-11D3-BF4B-00C04F79EFBC}") = "TidshanteringDyskalkyli.Droid", "TidshanteringDyskalkyli\TidshanteringDyskalkyli.Droid\TidshanteringDyskalkyli.Droid.csproj", "{D86B65A3-B452-48AA-B49D-EBC0A82CDF9B}"
EndProject
Project("{FAE04EC0-301F-11D3-BF4B-00C04F79EFBC}") = "TidshanteringDyskalkyli.WinPhone", "TidshanteringDyskalkyli\TidshanteringDyskalkyli.WinPhone\TidshanteringDyskalkyli.WinPhone.csproj", "{CA1C4C24-9105-4C74-B6E9-90B9F7B74A59}"
EndProject
Global
	GlobalSection(SolutionConfigurationPlatforms) = preSolution
		Ad-Hoc|Any CPU = Ad-Hoc|Any CPU
		Ad-Hoc|ARM = Ad-Hoc|ARM
		Ad-Hoc|iPhone = Ad-Hoc|iPhone
		Ad-Hoc|iPhoneSimulator = Ad-Hoc|iPhoneSimulator
		Ad-Hoc|x86 = Ad-Hoc|x86
		AppStore|Any CPU = AppStore|Any CPU
		AppStore|ARM = AppStore|ARM
		AppStore|iPhone = AppStore|iPhone
		AppStore|iPhoneSimulator = AppStore|iPhoneSimulator
		AppStore|x86 = AppStore|x86
		Debug|Any CPU = Debug|Any CPU
		Debug|ARM = Debug|ARM
		Debug|iPhone = Debug|iPhone
		Debug|iPhoneSimulator = Debug|iPhoneSimulator
		Debug|x86 = Debug|x86
		Release|Any CPU = Release|Any CPU
		Release|ARM = Release|ARM
		Release|iPhone = Release|iPhone
		Release|iPhoneSimulator = Release|iPhoneSimulator
		Release|x86 = Release|x86
	EndGlobalSection
	GlobalSection(ProjectConfigurationPlatforms) = postSolution
		{E3D9570C-3F81-47B1-9D13-86DCB60814BE}.Ad-Hoc|Any CPU.ActiveCfg = Release|Any CPU
		{E3D9570C-3F81-47B1-9D13-86DCB60814BE}.Ad-Hoc|Any CPU.Build.0 = Release|Any CPU
		{E3D9570C-3F81-47B1-9D13-86DCB60814BE}.Ad-Hoc|ARM.ActiveCfg = Release|Any CPU
		{E3D9570C-3F81-47B1-9D13-86DCB60814BE}.Ad-Hoc|ARM.Build.0 = Release|Any CPU
		{E3D9570C-3F81-47B1-9D13-86DCB60814BE}.Ad-Hoc|iPhone.ActiveCfg = Release|Any CPU
		{E3D9570C-3F81-47B1-9D13-86DCB60814BE}.Ad-Hoc|iPhone.Build.0 = Release|Any CPU
		{E3D9570C-3F81-47B1-9D13-86DCB60814BE}.Ad-Hoc|iPhoneSimulator.ActiveCfg = Release|Any CPU
		{E3D9570C-3F81-47B1-9D13-86DCB60814BE}.Ad-Hoc|iPhoneSimulator.Build.0 = Release|Any CPU
		{E3D9570C-3F81-47B1-9D13-86DCB60814BE}.Ad-Hoc|x86.ActiveCfg = Release|Any CPU
		{E3D9570C-3F81-47B1-9D13-86DCB60814BE}.Ad-Hoc|x86.Build.0 = Release|Any CPU
		{E3D9570C-3F81-47B1-9D13-86DCB60814BE}.AppStore|Any CPU.ActiveCfg = Release|Any CPU
		{E3D9570C-3F81-47B1-9D13-86DCB60814BE}.AppStore|Any CPU.Build.0 = Release|Any CPU
		{E3D9570C-3F81-47B1-9D13-86DCB60814BE}.AppStore|ARM.ActiveCfg = Release|Any CPU
		{E3D9570C-3F81-47B1-9D13-86DCB60814BE}.AppStore|ARM.Build.0 = Release|Any CPU
		{E3D9570C-3F81-47B1-9D13-86DCB60814BE}.AppStore|iPhone.ActiveCfg = Release|Any CPU
		{E3D9570C-3F81-47B1-9D13-86DCB60814BE}.AppStore|iPhone.Build.0 = Release|Any CPU
		{E3D9570C-3F81-47B1-9D13-86DCB60814BE}.AppStore|iPhoneSimulator.ActiveCfg = Release|Any CPU
		{E3D9570C-3F81-47B1-9D13-86DCB60814BE}.AppStore|iPhoneSimulator.Build.0 = Release|Any CPU
		{E3D9570C-3F81-47B1-9D13-86DCB60814BE}.AppStore|x86.ActiveCfg = Release|Any CPU
		{E3D9570C-3F81-47B1-9D13-86DCB60814BE}.AppStore|x86.Build.0 = Release|Any CPU
		{E3D9570C-3F81-47B1-9D13-86DCB60814BE}.Debug|Any CPU.ActiveCfg = Debug|Any CPU
		{E3D9570C-3F81-47B1-9D13-86DCB60814BE}.Debug|Any CPU.Build.0 = Debug|Any CPU
		{E3D9570C-3F81-47B1-9D13-86DCB60814BE}.Debug|ARM.ActiveCfg = Debug|Any CPU
		{E3D9570C-3F81-47B1-9D13-86DCB60814BE}.Debug|ARM.Build.0 = Debug|Any CPU
		{E3D9570C-3F81-47B1-9D13-86DCB60814BE}.Debug|iPhone.ActiveCfg = Debug|Any CPU
		{E3D9570C-3F81-47B1-9D13-86DCB60814BE}.Debug|iPhone.Build.0 = Debug|Any CPU
		{E3D9570C-3F81-47B1-9D13-86DCB60814BE}.Debug|iPhoneSimulator.ActiveCfg = Debug|Any CPU
		{E3D9570C-3F81-47B1-9D13-86DCB60814BE}.Debug|iPhoneSimulator.Build.0 = Debug|Any CPU
		{E3D9570C-3F81-47B1-9D13-86DCB60814BE}.Debug|x86.ActiveCfg = Debug|Any CPU
		{E3D9570C-3F81-47B1-9D13-86DCB60814BE}.Debug|x86.Build.0 = Debug|Any CPU
		{E3D9570C-3F81-47B1-9D13-86DCB60814BE}.Release|Any CPU.ActiveCfg = Release|Any CPU
		{E3D9570C-3F81-47B1-9D13-86DCB60814BE}.Release|Any CPU.Build.0 = Release|Any CPU
		{E3D9570C-3F81-47B1-9D13-86DCB60814BE}.Release|ARM.ActiveCfg = Release|Any CPU
		{E3D9570C-3F81-47B1-9D13-86DCB60814BE}.Release|ARM.Build.0 = Release|Any CPU
		{E3D9570C-3F81-47B1-9D13-86DCB60814BE}.Release|iPhone.ActiveCfg = Release|Any CPU
		{E3D9570C-3F81-47B1-9D13-86DCB60814BE}.Release|iPhone.Build.0 = Release|Any CPU
		{E3D9570C-3F81-47B1-9D13-86DCB60814BE}.Release|iPhoneSimulator.ActiveCfg = Release|Any CPU
		{E3D9570C-3F81-47B1-9D13-86DCB60814BE}.Release|iPhoneSimulator.Build.0 = Release|Any CPU
		{E3D9570C-3F81-47B1-9D13-86DCB60814BE}.Release|x86.ActiveCfg = Release|Any CPU
		{E3D9570C-3F81-47B1-9D13-86DCB60814BE}.Release|x86.Build.0 = Release|Any CPU
		{6BB9916A-1D6B-40B0-8DC9-B3A6DF128E8C}.Ad-Hoc|Any CPU.ActiveCfg = Ad-Hoc|iPhone
		{6BB9916A-1D6B-40B0-8DC9-B3A6DF128E8C}.Ad-Hoc|ARM.ActiveCfg = Ad-Hoc|iPhone
		{6BB9916A-1D6B-40B0-8DC9-B3A6DF128E8C}.Ad-Hoc|iPhone.ActiveCfg = Ad-Hoc|iPhone
		{6BB9916A-1D6B-40B0-8DC9-B3A6DF128E8C}.Ad-Hoc|iPhone.Build.0 = Ad-Hoc|iPhone
		{6BB9916A-1D6B-40B0-8DC9-B3A6DF128E8C}.Ad-Hoc|iPhoneSimulator.ActiveCfg = Ad-Hoc|iPhoneSimulator
		{6BB9916A-1D6B-40B0-8DC9-B3A6DF128E8C}.Ad-Hoc|iPhoneSimulator.Build.0 = Ad-Hoc|iPhoneSimulator
		{6BB9916A-1D6B-40B0-8DC9-B3A6DF128E8C}.Ad-Hoc|x86.ActiveCfg = Ad-Hoc|iPhone
		{6BB9916A-1D6B-40B0-8DC9-B3A6DF128E8C}.AppStore|Any CPU.ActiveCfg = AppStore|iPhone
		{6BB9916A-1D6B-40B0-8DC9-B3A6DF128E8C}.AppStore|ARM.ActiveCfg = AppStore|iPhone
		{6BB9916A-1D6B-40B0-8DC9-B3A6DF128E8C}.AppStore|iPhone.ActiveCfg = AppStore|iPhone
		{6BB9916A-1D6B-40B0-8DC9-B3A6DF128E8C}.AppStore|iPhone.Build.0 = AppStore|iPhone
		{6BB9916A-1D6B-40B0-8DC9-B3A6DF128E8C}.AppStore|iPhoneSimulator.ActiveCfg = AppStore|iPhoneSimulator
		{6BB9916A-1D6B-40B0-8DC9-B3A6DF128E8C}.AppStore|iPhoneSimulator.Build.0 = AppStore|iPhoneSimulator
		{6BB9916A-1D6B-40B0-8DC9-B3A6DF128E8C}.AppStore|x86.ActiveCfg = AppStore|iPhone
		{6BB9916A-1D6B-40B0-8DC9-B3A6DF128E8C}.Debug|Any CPU.ActiveCfg = Debug|iPhone
		{6BB9916A-1D6B-40B0-8DC9-B3A6DF128E8C}.Debug|ARM.ActiveCfg = Debug|iPhone
		{6BB9916A-1D6B-40B0-8DC9-B3A6DF128E8C}.Debug|iPhone.ActiveCfg = Debug|iPhone
		{6BB9916A-1D6B-40B0-8DC9-B3A6DF128E8C}.Debug|iPhone.Build.0 = Debug|iPhone
		{6BB9916A-1D6B-40B0-8DC9-B3A6DF128E8C}.Debug|iPhoneSimulator.ActiveCfg = Debug|iPhoneSimulator
		{6BB9916A-1D6B-40B0-8DC9-B3A6DF128E8C}.Debug|iPhoneSimulator.Build.0 = Debug|iPhoneSimulator
		{6BB9916A-1D6B-40B0-8DC9-B3A6DF128E8C}.Debug|x86.ActiveCfg = Debug|iPhone
		{6BB9916A-1D6B-40B0-8DC9-B3A6DF128E8C}.Release|Any CPU.ActiveCfg = Release|iPhone
		{6BB9916A-1D6B-40B0-8DC9-B3A6DF128E8C}.Release|ARM.ActiveCfg = Release|iPhone
		{6BB9916A-1D6B-40B0-8DC9-B3A6DF128E8C}.Release|iPhone.ActiveCfg = Release|iPhone
		{6BB9916A-1D6B-40B0-8DC9-B3A6DF128E8C}.Release|iPhone.Build.0 = Release|iPhone
		{6BB9916A-1D6B-40B0-8DC9-B3A6DF128E8C}.Release|iPhoneSimulator.ActiveCfg = Release|iPhoneSimulator
		{6BB9916A-1D6B-40B0-8DC9-B3A6DF128E8C}.Release|iPhoneSimulator.Build.0 = Release|iPhoneSimulator
		{6BB9916A-1D6B-40B0-8DC9-B3A6DF128E8C}.Release|x86.ActiveCfg = Release|iPhone
		{D86B65A3-B452-48AA-B49D-EBC0A82CDF9B}.Ad-Hoc|Any CPU.ActiveCfg = Release|Any CPU
		{D86B65A3-B452-48AA-B49D-EBC0A82CDF9B}.Ad-Hoc|Any CPU.Build.0 = Release|Any CPU
		{D86B65A3-B452-48AA-B49D-EBC0A82CDF9B}.Ad-Hoc|Any CPU.Deploy.0 = Release|Any CPU
		{D86B65A3-B452-48AA-B49D-EBC0A82CDF9B}.Ad-Hoc|ARM.ActiveCfg = Release|Any CPU
		{D86B65A3-B452-48AA-B49D-EBC0A82CDF9B}.Ad-Hoc|ARM.Build.0 = Release|Any CPU
		{D86B65A3-B452-48AA-B49D-EBC0A82CDF9B}.Ad-Hoc|ARM.Deploy.0 = Release|Any CPU
		{D86B65A3-B452-48AA-B49D-EBC0A82CDF9B}.Ad-Hoc|iPhone.ActiveCfg = Release|Any CPU
		{D86B65A3-B452-48AA-B49D-EBC0A82CDF9B}.Ad-Hoc|iPhone.Build.0 = Release|Any CPU
		{D86B65A3-B452-48AA-B49D-EBC0A82CDF9B}.Ad-Hoc|iPhone.Deploy.0 = Release|Any CPU
		{D86B65A3-B452-48AA-B49D-EBC0A82CDF9B}.Ad-Hoc|iPhoneSimulator.ActiveCfg = Release|Any CPU
		{D86B65A3-B452-48AA-B49D-EBC0A82CDF9B}.Ad-Hoc|iPhoneSimulator.Build.0 = Release|Any CPU
		{D86B65A3-B452-48AA-B49D-EBC0A82CDF9B}.Ad-Hoc|iPhoneSimulator.Deploy.0 = Release|Any CPU
		{D86B65A3-B452-48AA-B49D-EBC0A82CDF9B}.Ad-Hoc|x86.ActiveCfg = Release|Any CPU
		{D86B65A3-B452-48AA-B49D-EBC0A82CDF9B}.Ad-Hoc|x86.Build.0 = Release|Any CPU
		{D86B65A3-B452-48AA-B49D-EBC0A82CDF9B}.Ad-Hoc|x86.Deploy.0 = Release|Any CPU
		{D86B65A3-B452-48AA-B49D-EBC0A82CDF9B}.AppStore|Any CPU.ActiveCfg = Release|Any CPU
		{D86B65A3-B452-48AA-B49D-EBC0A82CDF9B}.AppStore|Any CPU.Build.0 = Release|Any CPU
		{D86B65A3-B452-48AA-B49D-EBC0A82CDF9B}.AppStore|Any CPU.Deploy.0 = Release|Any CPU
		{D86B65A3-B452-48AA-B49D-EBC0A82CDF9B}.AppStore|ARM.ActiveCfg = Release|Any CPU
		{D86B65A3-B452-48AA-B49D-EBC0A82CDF9B}.AppStore|ARM.Build.0 = Release|Any CPU
		{D86B65A3-B452-48AA-B49D-EBC0A82CDF9B}.AppStore|ARM.Deploy.0 = Release|Any CPU
		{D86B65A3-B452-48AA-B49D-EBC0A82CDF9B}.AppStore|iPhone.ActiveCfg = Release|Any CPU
		{D86B65A3-B452-48AA-B49D-EBC0A82CDF9B}.AppStore|iPhone.Build.0 = Release|Any CPU
		{D86B65A3-B452-48AA-B49D-EBC0A82CDF9B}.AppStore|iPhone.Deploy.0 = Release|Any CPU
		{D86B65A3-B452-48AA-B49D-EBC0A82CDF9B}.AppStore|iPhoneSimulator.ActiveCfg = Release|Any CPU
		{D86B65A3-B452-48AA-B49D-EBC0A82CDF9B}.AppStore|iPhoneSimulator.Build.0 = Release|Any CPU
		{D86B65A3-B452-48AA-B49D-EBC0A82CDF9B}.AppStore|iPhoneSimulator.Deploy.0 = Release|Any CPU
		{D86B65A3-B452-48AA-B49D-EBC0A82CDF9B}.AppStore|x86.ActiveCfg = Release|Any CPU
		{D86B65A3-B452-48AA-B49D-EBC0A82CDF9B}.AppStore|x86.Build.0 = Release|Any CPU
		{D86B65A3-B452-48AA-B49D-EBC0A82CDF9B}.AppStore|x86.Deploy.0 = Release|Any CPU
		{D86B65A3-B452-48AA-B49D-EBC0A82CDF9B}.Debug|Any CPU.ActiveCfg = Debug|Any CPU
		{D86B65A3-B452-48AA-B49D-EBC0A82CDF9B}.Debug|Any CPU.Build.0 = Debug|Any CPU
		{D86B65A3-B452-48AA-B49D-EBC0A82CDF9B}.Debug|Any CPU.Deploy.0 = Debug|Any CPU
		{D86B65A3-B452-48AA-B49D-EBC0A82CDF9B}.Debug|ARM.ActiveCfg = Debug|Any CPU
		{D86B65A3-B452-48AA-B49D-EBC0A82CDF9B}.Debug|ARM.Build.0 = Debug|Any CPU
		{D86B65A3-B452-48AA-B49D-EBC0A82CDF9B}.Debug|ARM.Deploy.0 = Debug|Any CPU
		{D86B65A3-B452-48AA-B49D-EBC0A82CDF9B}.Debug|iPhone.ActiveCfg = Debug|Any CPU
		{D86B65A3-B452-48AA-B49D-EBC0A82CDF9B}.Debug|iPhone.Build.0 = Debug|Any CPU
		{D86B65A3-B452-48AA-B49D-EBC0A82CDF9B}.Debug|iPhone.Deploy.0 = Debug|Any CPU
		{D86B65A3-B452-48AA-B49D-EBC0A82CDF9B}.Debug|iPhoneSimulator.ActiveCfg = Debug|Any CPU
		{D86B65A3-B452-48AA-B49D-EBC0A82CDF9B}.Debug|iPhoneSimulator.Build.0 = Debug|Any CPU
		{D86B65A3-B452-48AA-B49D-EBC0A82CDF9B}.Debug|iPhoneSimulator.Deploy.0 = Debug|Any CPU
		{D86B65A3-B452-48AA-B49D-EBC0A82CDF9B}.Debug|x86.ActiveCfg = Debug|Any CPU
		{D86B65A3-B452-48AA-B49D-EBC0A82CDF9B}.Debug|x86.Build.0 = Debug|Any CPU
		{D86B65A3-B452-48AA-B49D-EBC0A82CDF9B}.Debug|x86.Deploy.0 = Debug|Any CPU
		{D86B65A3-B452-48AA-B49D-EBC0A82CDF9B}.Release|Any CPU.ActiveCfg = Release|Any CPU
		{D86B65A3-B452-48AA-B49D-EBC0A82CDF9B}.Release|Any CPU.Build.0 = Release|Any CPU
		{D86B65A3-B452-48AA-B49D-EBC0A82CDF9B}.Release|Any CPU.Deploy.0 = Release|Any CPU
		{D86B65A3-B452-48AA-B49D-EBC0A82CDF9B}.Release|ARM.ActiveCfg = Release|Any CPU
		{D86B65A3-B452-48AA-B49D-EBC0A82CDF9B}.Release|ARM.Build.0 = Release|Any CPU
		{D86B65A3-B452-48AA-B49D-EBC0A82CDF9B}.Release|ARM.Deploy.0 = Release|Any CPU
		{D86B65A3-B452-48AA-B49D-EBC0A82CDF9B}.Release|iPhone.ActiveCfg = Release|Any CPU
		{D86B65A3-B452-48AA-B49D-EBC0A82CDF9B}.Release|iPhone.Build.0 = Release|Any CPU
		{D86B65A3-B452-48AA-B49D-EBC0A82CDF9B}.Release|iPhone.Deploy.0 = Release|Any CPU
		{D86B65A3-B452-48AA-B49D-EBC0A82CDF9B}.Release|iPhoneSimulator.ActiveCfg = Release|Any CPU
		{D86B65A3-B452-48AA-B49D-EBC0A82CDF9B}.Release|iPhoneSimulator.Build.0 = Release|Any CPU
		{D86B65A3-B452-48AA-B49D-EBC0A82CDF9B}.Release|iPhoneSimulator.Deploy.0 = Release|Any CPU
		{D86B65A3-B452-48AA-B49D-EBC0A82CDF9B}.Release|x86.ActiveCfg = Release|Any CPU
		{D86B65A3-B452-48AA-B49D-EBC0A82CDF9B}.Release|x86.Build.0 = Release|Any CPU
		{D86B65A3-B452-48AA-B49D-EBC0A82CDF9B}.Release|x86.Deploy.0 = Release|Any CPU
		{CA1C4C24-9105-4C74-B6E9-90B9F7B74A59}.Ad-Hoc|Any CPU.ActiveCfg = Release|Any CPU
		{CA1C4C24-9105-4C74-B6E9-90B9F7B74A59}.Ad-Hoc|Any CPU.Build.0 = Release|Any CPU
		{CA1C4C24-9105-4C74-B6E9-90B9F7B74A59}.Ad-Hoc|Any CPU.Deploy.0 = Release|Any CPU
		{CA1C4C24-9105-4C74-B6E9-90B9F7B74A59}.Ad-Hoc|ARM.ActiveCfg = Release|ARM
		{CA1C4C24-9105-4C74-B6E9-90B9F7B74A59}.Ad-Hoc|ARM.Build.0 = Release|ARM
		{CA1C4C24-9105-4C74-B6E9-90B9F7B74A59}.Ad-Hoc|ARM.Deploy.0 = Release|ARM
		{CA1C4C24-9105-4C74-B6E9-90B9F7B74A59}.Ad-Hoc|iPhone.ActiveCfg = Release|Any CPU
		{CA1C4C24-9105-4C74-B6E9-90B9F7B74A59}.Ad-Hoc|iPhone.Build.0 = Release|Any CPU
		{CA1C4C24-9105-4C74-B6E9-90B9F7B74A59}.Ad-Hoc|iPhone.Deploy.0 = Release|Any CPU
		{CA1C4C24-9105-4C74-B6E9-90B9F7B74A59}.Ad-Hoc|iPhoneSimulator.ActiveCfg = Release|Any CPU
		{CA1C4C24-9105-4C74-B6E9-90B9F7B74A59}.Ad-Hoc|iPhoneSimulator.Build.0 = Release|Any CPU
		{CA1C4C24-9105-4C74-B6E9-90B9F7B74A59}.Ad-Hoc|iPhoneSimulator.Deploy.0 = Release|Any CPU
		{CA1C4C24-9105-4C74-B6E9-90B9F7B74A59}.Ad-Hoc|x86.ActiveCfg = Release|x86
		{CA1C4C24-9105-4C74-B6E9-90B9F7B74A59}.Ad-Hoc|x86.Build.0 = Release|x86
		{CA1C4C24-9105-4C74-B6E9-90B9F7B74A59}.Ad-Hoc|x86.Deploy.0 = Release|x86
		{CA1C4C24-9105-4C74-B6E9-90B9F7B74A59}.AppStore|Any CPU.ActiveCfg = Release|Any CPU
		{CA1C4C24-9105-4C74-B6E9-90B9F7B74A59}.AppStore|Any CPU.Build.0 = Release|Any CPU
		{CA1C4C24-9105-4C74-B6E9-90B9F7B74A59}.AppStore|Any CPU.Deploy.0 = Release|Any CPU
		{CA1C4C24-9105-4C74-B6E9-90B9F7B74A59}.AppStore|ARM.ActiveCfg = Release|ARM
		{CA1C4C24-9105-4C74-B6E9-90B9F7B74A59}.AppStore|ARM.Build.0 = Release|ARM
		{CA1C4C24-9105-4C74-B6E9-90B9F7B74A59}.AppStore|ARM.Deploy.0 = Release|ARM
		{CA1C4C24-9105-4C74-B6E9-90B9F7B74A59}.AppStore|iPhone.ActiveCfg = Release|Any CPU
		{CA1C4C24-9105-4C74-B6E9-90B9F7B74A59}.AppStore|iPhone.Build.0 = Release|Any CPU
		{CA1C4C24-9105-4C74-B6E9-90B9F7B74A59}.AppStore|iPhone.Deploy.0 = Release|Any CPU
		{CA1C4C24-9105-4C74-B6E9-90B9F7B74A59}.AppStore|iPhoneSimulator.ActiveCfg = Release|Any CPU
		{CA1C4C24-9105-4C74-B6E9-90B9F7B74A59}.AppStore|iPhoneSimulator.Build.0 = Release|Any CPU
		{CA1C4C24-9105-4C74-B6E9-90B9F7B74A59}.AppStore|iPhoneSimulator.Deploy.0 = Release|Any CPU
		{CA1C4C24-9105-4C74-B6E9-90B9F7B74A59}.AppStore|x86.ActiveCfg = Release|x86
		{CA1C4C24-9105-4C74-B6E9-90B9F7B74A59}.AppStore|x86.Build.0 = Release|x86
		{CA1C4C24-9105-4C74-B6E9-90B9F7B74A59}.AppStore|x86.Deploy.0 = Release|x86
		{CA1C4C24-9105-4C74-B6E9-90B9F7B74A59}.Debug|Any CPU.ActiveCfg = Debug|Any CPU
		{CA1C4C24-9105-4C74-B6E9-90B9F7B74A59}.Debug|Any CPU.Build.0 = Debug|Any CPU
		{CA1C4C24-9105-4C74-B6E9-90B9F7B74A59}.Debug|Any CPU.Deploy.0 = Debug|Any CPU
		{CA1C4C24-9105-4C74-B6E9-90B9F7B74A59}.Debug|ARM.ActiveCfg = Debug|ARM
		{CA1C4C24-9105-4C74-B6E9-90B9F7B74A59}.Debug|ARM.Build.0 = Debug|ARM
		{CA1C4C24-9105-4C74-B6E9-90B9F7B74A59}.Debug|ARM.Deploy.0 = Debug|ARM
		{CA1C4C24-9105-4C74-B6E9-90B9F7B74A59}.Debug|iPhone.ActiveCfg = Debug|Any CPU
		{CA1C4C24-9105-4C74-B6E9-90B9F7B74A59}.Debug|iPhone.Build.0 = Debug|Any CPU
		{CA1C4C24-9105-4C74-B6E9-90B9F7B74A59}.Debug|iPhone.Deploy.0 = Debug|Any CPU
		{CA1C4C24-9105-4C74-B6E9-90B9F7B74A59}.Debug|iPhoneSimulator.ActiveCfg = Debug|Any CPU
		{CA1C4C24-9105-4C74-B6E9-90B9F7B74A59}.Debug|iPhoneSimulator.Build.0 = Debug|Any CPU
		{CA1C4C24-9105-4C74-B6E9-90B9F7B74A59}.Debug|iPhoneSimulator.Deploy.0 = Debug|Any CPU
		{CA1C4C24-9105-4C74-B6E9-90B9F7B74A59}.Debug|x86.ActiveCfg = Debug|x86
		{CA1C4C24-9105-4C74-B6E9-90B9F7B74A59}.Debug|x86.Build.0 = Debug|x86
		{CA1C4C24-9105-4C74-B6E9-90B9F7B74A59}.Debug|x86.Deploy.0 = Debug|x86
		{CA1C4C24-9105-4C74-B6E9-90B9F7B74A59}.Release|Any CPU.ActiveCfg = Release|Any CPU
		{CA1C4C24-9105-4C74-B6E9-90B9F7B74A59}.Release|Any CPU.Build.0 = Release|Any CPU
		{CA1C4C24-9105-4C74-B6E9-90B9F7B74A59}.Release|Any CPU.Deploy.0 = Release|Any CPU
		{CA1C4C24-9105-4C74-B6E9-90B9F7B74A59}.Release|ARM.ActiveCfg = Release|ARM
		{CA1C4C24-9105-4C74-B6E9-90B9F7B74A59}.Release|ARM.Build.0 = Release|ARM
		{CA1C4C24-9105-4C74-B6E9-90B9F7B74A59}.Release|ARM.Deploy.0 = Release|ARM
		{CA1C4C24-9105-4C74-B6E9-90B9F7B74A59}.Release|iPhone.ActiveCfg = Release|Any CPU
		{CA1C4C24-9105-4C74-B6E9-90B9F7B74A59}.Release|iPhone.Build.0 = Release|Any CPU
		{CA1C4C24-9105-4C74-B6E9-90B9F7B74A59}.Release|iPhone.Deploy.0 = Release|Any CPU
		{CA1C4C24-9105-4C74-B6E9-90B9F7B74A59}.Release|iPhoneSimulator.ActiveCfg = Release|Any CPU
		{CA1C4C24-9105-4C74-B6E9-90B9F7B74A59}.Release|iPhoneSimulator.Build.0 = Release|Any CPU
		{CA1C4C24-9105-4C74-B6E9-90B9F7B74A59}.Release|iPhoneSimulator.Deploy.0 = Release|Any CPU
		{CA1C4C24-9105-4C74-B6E9-90B9F7B74A59}.Release|x86.ActiveCfg = Release|x86
		{CA1C4C24-9105-4C74-B6E9-90B9F7B74A59}.Release|x86.Build.0 = Release|x86
		{CA1C4C24-9105-4C74-B6E9-90B9F7B74A59}.Release|x86.Deploy.0 = Release|x86
	EndGlobalSection
	GlobalSection(SolutionProperties) = preSolution
		HideSolutionNode = FALSE
	EndGlobalSection
EndGlobal
